
Microsoft Visual Studio Solution File, Format Version 12.00
# Visual Studio Version 16
VisualStudioVersion = 16.0.30225.117
MinimumVisualStudioVersion = 10.0.40219.1
Project("{FAE04EC0-301F-11D3-BF4B-00C04F79EFBC}") = "NulllableType", "NulllableType\NulllableType.csproj", "{270E6F0D-EBE9-469C-966C-3FB051BB76CD}"
EndProject
Global
	GlobalSection(SolutionConfigurationPlatforms) = preSolution
		Debug|Any CPU = Debug|Any CPU
		Release|Any CPU = Release|Any CPU
	EndGlobalSection
	GlobalSection(ProjectConfigurationPlatforms) = postSolution
		{270E6F0D-EBE9-469C-966C-3FB051BB76CD}.Debug|Any CPU.ActiveCfg = Debug|Any CPU
		{270E6F0D-EBE9-469C-966C-3FB051BB76CD}.Debug|Any CPU.Build.0 = Debug|Any CPU
		{270E6F0D-EBE9-469C-966C-3FB051BB76CD}.Release|Any CPU.ActiveCfg = Release|Any CPU
		{270E6F0D-EBE9-469C-966C-3FB051BB76CD}.Release|Any CPU.Build.0 = Release|Any CPU
	EndGlobalSection
	GlobalSection(SolutionProperties) = preSolution
		HideSolutionNode = FALSE
	EndGlobalSection
	GlobalSection(ExtensibilityGlobals) = postSolution
		SolutionGuid = {A002E75C-2139-4D00-A9A5-531A504E18CF}
	EndGlobalSection
EndGlobal
